// !$*UTF8*$!
{
	archiveVersion = 1;
	classes = {
	};
	objectVersion = 56;
	objects = {

/* Begin PBXBuildFile section */
		810DDC2A2BDF266C0012F6BD /* AppDelegate.swift in Sources */ = {isa = PBXBuildFile; fileRef = 810DDC292BDF266C0012F6BD /* AppDelegate.swift */; };
		810DDC2C2BDF266C0012F6BD /* SceneDelegate.swift in Sources */ = {isa = PBXBuildFile; fileRef = 810DDC2B2BDF266C0012F6BD /* SceneDelegate.swift */; };
		810DDC2E2BDF266C0012F6BD /* ViewController.swift in Sources */ = {isa = PBXBuildFile; fileRef = 810DDC2D2BDF266C0012F6BD /* ViewController.swift */; };
		810DDC312BDF266C0012F6BD /* Main.storyboard in Resources */ = {isa = PBXBuildFile; fileRef = 810DDC2F2BDF266C0012F6BD /* Main.storyboard */; };
		810DDC332BDF266D0012F6BD /* Assets.xcassets in Resources */ = {isa = PBXBuildFile; fileRef = 810DDC322BDF266D0012F6BD /* Assets.xcassets */; };
		810DDC362BDF266D0012F6BD /* LaunchScreen.storyboard in Resources */ = {isa = PBXBuildFile; fileRef = 810DDC342BDF266D0012F6BD /* LaunchScreen.storyboard */; };
		810DDC442BDF26C60012F6BD /* PhotoAppTests.swift in Sources */ = {isa = PBXBuildFile; fileRef = 810DDC432BDF26C60012F6BD /* PhotoAppTests.swift */; };
		810DDC4D2BDF28040012F6BD /* SignupConstant.swift in Sources */ = {isa = PBXBuildFile; fileRef = 810DDC4C2BDF28040012F6BD /* SignupConstant.swift */; };
		810DDC4F2BDF28230012F6BD /* SignupFormRequestModel.swift in Sources */ = {isa = PBXBuildFile; fileRef = 810DDC4E2BDF28230012F6BD /* SignupFormRequestModel.swift */; };
		810DDC512BDF28390012F6BD /* SignupResponseModel.swift in Sources */ = {isa = PBXBuildFile; fileRef = 810DDC502BDF28390012F6BD /* SignupResponseModel.swift */; };
		810DDC532BDF28550012F6BD /* SignupError.swift in Sources */ = {isa = PBXBuildFile; fileRef = 810DDC522BDF28550012F6BD /* SignupError.swift */; };
		810DDC572BDF28CA0012F6BD /* SignupWebService.swift in Sources */ = {isa = PBXBuildFile; fileRef = 810DDC562BDF28CA0012F6BD /* SignupWebService.swift */; };
		810DDC5C2BDF293B0012F6BD /* SignupWebServiceTests.swift in Sources */ = {isa = PBXBuildFile; fileRef = 810DDC5B2BDF293B0012F6BD /* SignupWebServiceTests.swift */; };
		810DDC5E2BDF8CB00012F6BD /* MockURLProtocol.swift in Sources */ = {isa = PBXBuildFile; fileRef = 810DDC5D2BDF8CB00012F6BD /* MockURLProtocol.swift */; };
		816CD13B2BE48A1300BAADF8 /* SignupModelValidatorProtocol.swift in Sources */ = {isa = PBXBuildFile; fileRef = 816CD13A2BE48A1300BAADF8 /* SignupModelValidatorProtocol.swift */; };
		816CD1432BE4FF3B00BAADF8 /* MockSignupWebService.swift in Sources */ = {isa = PBXBuildFile; fileRef = 816CD1422BE4FF3B00BAADF8 /* MockSignupWebService.swift */; };
		816CD1452BE500B100BAADF8 /* SignupWebServiceProtocol.swift in Sources */ = {isa = PBXBuildFile; fileRef = 816CD1442BE500B100BAADF8 /* SignupWebServiceProtocol.swift */; };
		816CD1472BE5281A00BAADF8 /* MockSignupViewDelegate.swift in Sources */ = {isa = PBXBuildFile; fileRef = 816CD1462BE5281A00BAADF8 /* MockSignupViewDelegate.swift */; };
		816CD1492BE5287C00BAADF8 /* SignupViewDelegateProtocol.swift in Sources */ = {isa = PBXBuildFile; fileRef = 816CD1482BE5287C00BAADF8 /* SignupViewDelegateProtocol.swift */; };
		8179723D2BE29B9400487A97 /* SignupPresenterTests.swift in Sources */ = {isa = PBXBuildFile; fileRef = 8179723C2BE29B9400487A97 /* SignupPresenterTests.swift */; };
		8179723F2BE29C4F00487A97 /* SignupFormModel.swift in Sources */ = {isa = PBXBuildFile; fileRef = 8179723E2BE29C4F00487A97 /* SignupFormModel.swift */; };
		817972412BE29D0900487A97 /* SignupPresenter.swift in Sources */ = {isa = PBXBuildFile; fileRef = 817972402BE29D0900487A97 /* SignupPresenter.swift */; };
		817972432BE29DB100487A97 /* MockSignupModelValidator.swift in Sources */ = {isa = PBXBuildFile; fileRef = 817972422BE29DB100487A97 /* MockSignupModelValidator.swift */; };
		81B4296F2BE15EF20042EB15 /* SignupFormModelValidatorTests.swift in Sources */ = {isa = PBXBuildFile; fileRef = 81B4296E2BE15EF20042EB15 /* SignupFormModelValidatorTests.swift */; };
		81B429712BE160BE0042EB15 /* SignupFormModelValidator.swift in Sources */ = {isa = PBXBuildFile; fileRef = 81B429702BE160BE0042EB15 /* SignupFormModelValidator.swift */; };
		81BEC4122BE65C00003FB732 /* SignupViewControllerTests.swift in Sources */ = {isa = PBXBuildFile; fileRef = 81BEC4112BE65C00003FB732 /* SignupViewControllerTests.swift */; };
		81BEC4142BE65DFA003FB732 /* SignupViewController.swift in Sources */ = {isa = PBXBuildFile; fileRef = 81BEC4132BE65DFA003FB732 /* SignupViewController.swift */; };
		81BEC4162BE69DCA003FB732 /* MockSignupPresenter.swift in Sources */ = {isa = PBXBuildFile; fileRef = 81BEC4152BE69DCA003FB732 /* MockSignupPresenter.swift */; };
		81BEC4182BE69F51003FB732 /* SignupPresenterProtocol.swift in Sources */ = {isa = PBXBuildFile; fileRef = 81BEC4172BE69F51003FB732 /* SignupPresenterProtocol.swift */; };
/* End PBXBuildFile section */

/* Begin PBXContainerItemProxy section */
		810DDC452BDF26C60012F6BD /* PBXContainerItemProxy */ = {
			isa = PBXContainerItemProxy;
			containerPortal = 810DDC1E2BDF266C0012F6BD /* Project object */;
			proxyType = 1;
			remoteGlobalIDString = 810DDC252BDF266C0012F6BD;
			remoteInfo = PhotoApp;
		};
/* End PBXContainerItemProxy section */

/* Begin PBXFileReference section */
		810DDC262BDF266C0012F6BD /* PhotoApp.app */ = {isa = PBXFileReference; explicitFileType = wrapper.application; includeInIndex = 0; path = PhotoApp.app; sourceTree = BUILT_PRODUCTS_DIR; };
		810DDC292BDF266C0012F6BD /* AppDelegate.swift */ = {isa = PBXFileReference; lastKnownFileType = sourcecode.swift; path = AppDelegate.swift; sourceTree = "<group>"; };
		810DDC2B2BDF266C0012F6BD /* SceneDelegate.swift */ = {isa = PBXFileReference; lastKnownFileType = sourcecode.swift; path = SceneDelegate.swift; sourceTree = "<group>"; };
		810DDC2D2BDF266C0012F6BD /* ViewController.swift */ = {isa = PBXFileReference; lastKnownFileType = sourcecode.swift; path = ViewController.swift; sourceTree = "<group>"; };
		810DDC302BDF266C0012F6BD /* Base */ = {isa = PBXFileReference; lastKnownFileType = file.storyboard; name = Base; path = Base.lproj/Main.storyboard; sourceTree = "<group>"; };
		810DDC322BDF266D0012F6BD /* Assets.xcassets */ = {isa = PBXFileReference; lastKnownFileType = folder.assetcatalog; path = Assets.xcassets; sourceTree = "<group>"; };
		810DDC352BDF266D0012F6BD /* Base */ = {isa = PBXFileReference; lastKnownFileType = file.storyboard; name = Base; path = Base.lproj/LaunchScreen.storyboard; sourceTree = "<group>"; };
		810DDC372BDF266D0012F6BD /* Info.plist */ = {isa = PBXFileReference; lastKnownFileType = text.plist.xml; path = Info.plist; sourceTree = "<group>"; };
		810DDC412BDF26C60012F6BD /* PhotoAppTests.xctest */ = {isa = PBXFileReference; explicitFileType = wrapper.cfbundle; includeInIndex = 0; path = PhotoAppTests.xctest; sourceTree = BUILT_PRODUCTS_DIR; };
		810DDC432BDF26C60012F6BD /* PhotoAppTests.swift */ = {isa = PBXFileReference; lastKnownFileType = sourcecode.swift; path = PhotoAppTests.swift; sourceTree = "<group>"; };
		810DDC4C2BDF28040012F6BD /* SignupConstant.swift */ = {isa = PBXFileReference; lastKnownFileType = sourcecode.swift; path = SignupConstant.swift; sourceTree = "<group>"; };
		810DDC4E2BDF28230012F6BD /* SignupFormRequestModel.swift */ = {isa = PBXFileReference; lastKnownFileType = sourcecode.swift; path = SignupFormRequestModel.swift; sourceTree = "<group>"; };
		810DDC502BDF28390012F6BD /* SignupResponseModel.swift */ = {isa = PBXFileReference; lastKnownFileType = sourcecode.swift; path = SignupResponseModel.swift; sourceTree = "<group>"; };
		810DDC522BDF28550012F6BD /* SignupError.swift */ = {isa = PBXFileReference; lastKnownFileType = sourcecode.swift; path = SignupError.swift; sourceTree = "<group>"; };
		810DDC562BDF28CA0012F6BD /* SignupWebService.swift */ = {isa = PBXFileReference; lastKnownFileType = sourcecode.swift; path = SignupWebService.swift; sourceTree = "<group>"; };
		810DDC5B2BDF293B0012F6BD /* SignupWebServiceTests.swift */ = {isa = PBXFileReference; lastKnownFileType = sourcecode.swift; path = SignupWebServiceTests.swift; sourceTree = "<group>"; };
		810DDC5D2BDF8CB00012F6BD /* MockURLProtocol.swift */ = {isa = PBXFileReference; lastKnownFileType = sourcecode.swift; path = MockURLProtocol.swift; sourceTree = "<group>"; };
		816CD13A2BE48A1300BAADF8 /* SignupModelValidatorProtocol.swift */ = {isa = PBXFileReference; lastKnownFileType = sourcecode.swift; path = SignupModelValidatorProtocol.swift; sourceTree = "<group>"; };
		816CD1422BE4FF3B00BAADF8 /* MockSignupWebService.swift */ = {isa = PBXFileReference; lastKnownFileType = sourcecode.swift; path = MockSignupWebService.swift; sourceTree = "<group>"; };
		816CD1442BE500B100BAADF8 /* SignupWebServiceProtocol.swift */ = {isa = PBXFileReference; lastKnownFileType = sourcecode.swift; path = SignupWebServiceProtocol.swift; sourceTree = "<group>"; };
		816CD1462BE5281A00BAADF8 /* MockSignupViewDelegate.swift */ = {isa = PBXFileReference; lastKnownFileType = sourcecode.swift; path = MockSignupViewDelegate.swift; sourceTree = "<group>"; };
		816CD1482BE5287C00BAADF8 /* SignupViewDelegateProtocol.swift */ = {isa = PBXFileReference; lastKnownFileType = sourcecode.swift; path = SignupViewDelegateProtocol.swift; sourceTree = "<group>"; };
		8179723C2BE29B9400487A97 /* SignupPresenterTests.swift */ = {isa = PBXFileReference; lastKnownFileType = sourcecode.swift; path = SignupPresenterTests.swift; sourceTree = "<group>"; };
		8179723E2BE29C4F00487A97 /* SignupFormModel.swift */ = {isa = PBXFileReference; lastKnownFileType = sourcecode.swift; path = SignupFormModel.swift; sourceTree = "<group>"; };
		817972402BE29D0900487A97 /* SignupPresenter.swift */ = {isa = PBXFileReference; lastKnownFileType = sourcecode.swift; path = SignupPresenter.swift; sourceTree = "<group>"; };
		817972422BE29DB100487A97 /* MockSignupModelValidator.swift */ = {isa = PBXFileReference; lastKnownFileType = sourcecode.swift; path = MockSignupModelValidator.swift; sourceTree = "<group>"; };
		81B4296E2BE15EF20042EB15 /* SignupFormModelValidatorTests.swift */ = {isa = PBXFileReference; lastKnownFileType = sourcecode.swift; path = SignupFormModelValidatorTests.swift; sourceTree = "<group>"; };
		81B429702BE160BE0042EB15 /* SignupFormModelValidator.swift */ = {isa = PBXFileReference; lastKnownFileType = sourcecode.swift; path = SignupFormModelValidator.swift; sourceTree = "<group>"; };
		81BEC4112BE65C00003FB732 /* SignupViewControllerTests.swift */ = {isa = PBXFileReference; lastKnownFileType = sourcecode.swift; path = SignupViewControllerTests.swift; sourceTree = "<group>"; };
		81BEC4132BE65DFA003FB732 /* SignupViewController.swift */ = {isa = PBXFileReference; lastKnownFileType = sourcecode.swift; path = SignupViewController.swift; sourceTree = "<group>"; };
		81BEC4152BE69DCA003FB732 /* MockSignupPresenter.swift */ = {isa = PBXFileReference; lastKnownFileType = sourcecode.swift; path = MockSignupPresenter.swift; sourceTree = "<group>"; };
		81BEC4172BE69F51003FB732 /* SignupPresenterProtocol.swift */ = {isa = PBXFileReference; lastKnownFileType = sourcecode.swift; path = SignupPresenterProtocol.swift; sourceTree = "<group>"; };
/* End PBXFileReference section */

/* Begin PBXFrameworksBuildPhase section */
		810DDC232BDF266C0012F6BD /* Frameworks */ = {
			isa = PBXFrameworksBuildPhase;
			buildActionMask = 2147483647;
			files = (
			);
			runOnlyForDeploymentPostprocessing = 0;
		};
		810DDC3E2BDF26C60012F6BD /* Frameworks */ = {
			isa = PBXFrameworksBuildPhase;
			buildActionMask = 2147483647;
			files = (
			);
			runOnlyForDeploymentPostprocessing = 0;
		};
/* End PBXFrameworksBuildPhase section */

/* Begin PBXGroup section */
		810DDC1D2BDF266C0012F6BD = {
			isa = PBXGroup;
			children = (
				810DDC282BDF266C0012F6BD /* PhotoApp */,
				810DDC422BDF26C60012F6BD /* PhotoAppTests */,
				810DDC272BDF266C0012F6BD /* Products */,
			);
			sourceTree = "<group>";
		};
		810DDC272BDF266C0012F6BD /* Products */ = {
			isa = PBXGroup;
			children = (
				810DDC262BDF266C0012F6BD /* PhotoApp.app */,
				810DDC412BDF26C60012F6BD /* PhotoAppTests.xctest */,
			);
			name = Products;
			sourceTree = "<group>";
		};
		810DDC282BDF266C0012F6BD /* PhotoApp */ = {
			isa = PBXGroup;
			children = (
				816CD1402BE4FB0800BAADF8 /* Application */,
				810DDC4A2BDF27A60012F6BD /* Signup */,
				816CD1412BE4FB1600BAADF8 /* Supporting Files */,
			);
			path = PhotoApp;
			sourceTree = "<group>";
		};
		810DDC422BDF26C60012F6BD /* PhotoAppTests */ = {
			isa = PBXGroup;
			children = (
				810DDC582BDF28E30012F6BD /* Signup */,
				810DDC432BDF26C60012F6BD /* PhotoAppTests.swift */,
			);
			path = PhotoAppTests;
			sourceTree = "<group>";
		};
		810DDC4A2BDF27A60012F6BD /* Signup */ = {
			isa = PBXGroup;
			children = (
				816CD13D2BE4F82C00BAADF8 /* Protocol */,
				816CD13C2BE4F7FA00BAADF8 /* Presenter */,
				810DDC552BDF28A30012F6BD /* Network */,
				810DDC542BDF28810012F6BD /* Controller */,
				810DDC4B2BDF27CC0012F6BD /* Model */,
			);
			path = Signup;
			sourceTree = "<group>";
		};
		810DDC4B2BDF27CC0012F6BD /* Model */ = {
			isa = PBXGroup;
			children = (
				810DDC4C2BDF28040012F6BD /* SignupConstant.swift */,
				810DDC4E2BDF28230012F6BD /* SignupFormRequestModel.swift */,
				810DDC502BDF28390012F6BD /* SignupResponseModel.swift */,
				810DDC522BDF28550012F6BD /* SignupError.swift */,
				81B429702BE160BE0042EB15 /* SignupFormModelValidator.swift */,
				8179723E2BE29C4F00487A97 /* SignupFormModel.swift */,
			);
			path = Model;
			sourceTree = "<group>";
		};
		810DDC542BDF28810012F6BD /* Controller */ = {
			isa = PBXGroup;
			children = (
				810DDC2D2BDF266C0012F6BD /* ViewController.swift */,
				81BEC4132BE65DFA003FB732 /* SignupViewController.swift */,
			);
			path = Controller;
			sourceTree = "<group>";
		};
		810DDC552BDF28A30012F6BD /* Network */ = {
			isa = PBXGroup;
			children = (
				810DDC562BDF28CA0012F6BD /* SignupWebService.swift */,
			);
			path = Network;
			sourceTree = "<group>";
		};
		810DDC582BDF28E30012F6BD /* Signup */ = {
			isa = PBXGroup;
			children = (
				81BEC4102BE65BDC003FB732 /* Controller */,
				816CD13E2BE4F84D00BAADF8 /* Presenter */,
				810DDC5A2BDF28FA0012F6BD /* Network */,
				810DDC592BDF28F10012F6BD /* Model */,
				816CD13F2BE4F88E00BAADF8 /* Mock */,
			);
			path = Signup;
			sourceTree = "<group>";
		};
		810DDC592BDF28F10012F6BD /* Model */ = {
			isa = PBXGroup;
			children = (
				81B4296E2BE15EF20042EB15 /* SignupFormModelValidatorTests.swift */,
			);
			path = Model;
			sourceTree = "<group>";
		};
		810DDC5A2BDF28FA0012F6BD /* Network */ = {
			isa = PBXGroup;
			children = (
				810DDC5B2BDF293B0012F6BD /* SignupWebServiceTests.swift */,
			);
			path = Network;
			sourceTree = "<group>";
		};
		816CD13C2BE4F7FA00BAADF8 /* Presenter */ = {
			isa = PBXGroup;
			children = (
				817972402BE29D0900487A97 /* SignupPresenter.swift */,
			);
			path = Presenter;
			sourceTree = "<group>";
		};
		816CD13D2BE4F82C00BAADF8 /* Protocol */ = {
			isa = PBXGroup;
			children = (
				816CD13A2BE48A1300BAADF8 /* SignupModelValidatorProtocol.swift */,
				816CD1442BE500B100BAADF8 /* SignupWebServiceProtocol.swift */,
				816CD1482BE5287C00BAADF8 /* SignupViewDelegateProtocol.swift */,
				81BEC4172BE69F51003FB732 /* SignupPresenterProtocol.swift */,
			);
			path = Protocol;
			sourceTree = "<group>";
		};
		816CD13E2BE4F84D00BAADF8 /* Presenter */ = {
			isa = PBXGroup;
			children = (
				8179723C2BE29B9400487A97 /* SignupPresenterTests.swift */,
			);
			path = Presenter;
			sourceTree = "<group>";
		};
		816CD13F2BE4F88E00BAADF8 /* Mock */ = {
			isa = PBXGroup;
			children = (
				810DDC5D2BDF8CB00012F6BD /* MockURLProtocol.swift */,
				817972422BE29DB100487A97 /* MockSignupModelValidator.swift */,
				816CD1422BE4FF3B00BAADF8 /* MockSignupWebService.swift */,
				816CD1462BE5281A00BAADF8 /* MockSignupViewDelegate.swift */,
				81BEC4152BE69DCA003FB732 /* MockSignupPresenter.swift */,
			);
			path = Mock;
			sourceTree = "<group>";
		};
		816CD1402BE4FB0800BAADF8 /* Application */ = {
			isa = PBXGroup;
			children = (
				810DDC292BDF266C0012F6BD /* AppDelegate.swift */,
				810DDC2B2BDF266C0012F6BD /* SceneDelegate.swift */,
			);
			path = Application;
			sourceTree = "<group>";
		};
		816CD1412BE4FB1600BAADF8 /* Supporting Files */ = {
			isa = PBXGroup;
			children = (
				810DDC2F2BDF266C0012F6BD /* Main.storyboard */,
				810DDC322BDF266D0012F6BD /* Assets.xcassets */,
				810DDC342BDF266D0012F6BD /* LaunchScreen.storyboard */,
				810DDC372BDF266D0012F6BD /* Info.plist */,
			);
			path = "Supporting Files";
			sourceTree = "<group>";
		};
		81BEC4102BE65BDC003FB732 /* Controller */ = {
			isa = PBXGroup;
			children = (
				81BEC4112BE65C00003FB732 /* SignupViewControllerTests.swift */,
			);
			path = Controller;
			sourceTree = "<group>";
		};
/* End PBXGroup section */

/* Begin PBXNativeTarget section */
		810DDC252BDF266C0012F6BD /* PhotoApp */ = {
			isa = PBXNativeTarget;
			buildConfigurationList = 810DDC3A2BDF266D0012F6BD /* Build configuration list for PBXNativeTarget "PhotoApp" */;
			buildPhases = (
				810DDC222BDF266C0012F6BD /* Sources */,
				810DDC232BDF266C0012F6BD /* Frameworks */,
				810DDC242BDF266C0012F6BD /* Resources */,
			);
			buildRules = (
			);
			dependencies = (
			);
			name = PhotoApp;
			productName = PhotoApp;
			productReference = 810DDC262BDF266C0012F6BD /* PhotoApp.app */;
			productType = "com.apple.product-type.application";
		};
		810DDC402BDF26C60012F6BD /* PhotoAppTests */ = {
			isa = PBXNativeTarget;
			buildConfigurationList = 810DDC472BDF26C60012F6BD /* Build configuration list for PBXNativeTarget "PhotoAppTests" */;
			buildPhases = (
				810DDC3D2BDF26C60012F6BD /* Sources */,
				810DDC3E2BDF26C60012F6BD /* Frameworks */,
				810DDC3F2BDF26C60012F6BD /* Resources */,
			);
			buildRules = (
			);
			dependencies = (
				810DDC462BDF26C60012F6BD /* PBXTargetDependency */,
			);
			name = PhotoAppTests;
			productName = PhotoAppTests;
			productReference = 810DDC412BDF26C60012F6BD /* PhotoAppTests.xctest */;
			productType = "com.apple.product-type.bundle.unit-test";
		};
/* End PBXNativeTarget section */

/* Begin PBXProject section */
		810DDC1E2BDF266C0012F6BD /* Project object */ = {
			isa = PBXProject;
			attributes = {
				BuildIndependentTargetsInParallel = 1;
				LastSwiftUpdateCheck = 1500;
				LastUpgradeCheck = 1500;
				TargetAttributes = {
					810DDC252BDF266C0012F6BD = {
						CreatedOnToolsVersion = 15.0.1;
					};
					810DDC402BDF26C60012F6BD = {
						CreatedOnToolsVersion = 15.0.1;
						TestTargetID = 810DDC252BDF266C0012F6BD;
					};
				};
			};
			buildConfigurationList = 810DDC212BDF266C0012F6BD /* Build configuration list for PBXProject "PhotoApp" */;
			compatibilityVersion = "Xcode 14.0";
			developmentRegion = en;
			hasScannedForEncodings = 0;
			knownRegions = (
				en,
				Base,
			);
			mainGroup = 810DDC1D2BDF266C0012F6BD;
			productRefGroup = 810DDC272BDF266C0012F6BD /* Products */;
			projectDirPath = "";
			projectRoot = "";
			targets = (
				810DDC252BDF266C0012F6BD /* PhotoApp */,
				810DDC402BDF26C60012F6BD /* PhotoAppTests */,
			);
		};
/* End PBXProject section */

/* Begin PBXResourcesBuildPhase section */
		810DDC242BDF266C0012F6BD /* Resources */ = {
			isa = PBXResourcesBuildPhase;
			buildActionMask = 2147483647;
			files = (
				810DDC362BDF266D0012F6BD /* LaunchScreen.storyboard in Resources */,
				810DDC332BDF266D0012F6BD /* Assets.xcassets in Resources */,
				810DDC312BDF266C0012F6BD /* Main.storyboard in Resources */,
			);
			runOnlyForDeploymentPostprocessing = 0;
		};
		810DDC3F2BDF26C60012F6BD /* Resources */ = {
			isa = PBXResourcesBuildPhase;
			buildActionMask = 2147483647;
			files = (
			);
			runOnlyForDeploymentPostprocessing = 0;
		};
/* End PBXResourcesBuildPhase section */

/* Begin PBXSourcesBuildPhase section */
		810DDC222BDF266C0012F6BD /* Sources */ = {
			isa = PBXSourcesBuildPhase;
			buildActionMask = 2147483647;
			files = (
				817972412BE29D0900487A97 /* SignupPresenter.swift in Sources */,
				810DDC2E2BDF266C0012F6BD /* ViewController.swift in Sources */,
				810DDC2A2BDF266C0012F6BD /* AppDelegate.swift in Sources */,
				810DDC2C2BDF266C0012F6BD /* SceneDelegate.swift in Sources */,
				810DDC4F2BDF28230012F6BD /* SignupFormRequestModel.swift in Sources */,
				810DDC532BDF28550012F6BD /* SignupError.swift in Sources */,
				816CD1492BE5287C00BAADF8 /* SignupViewDelegateProtocol.swift in Sources */,
				8179723F2BE29C4F00487A97 /* SignupFormModel.swift in Sources */,
				81BEC4182BE69F51003FB732 /* SignupPresenterProtocol.swift in Sources */,
				810DDC512BDF28390012F6BD /* SignupResponseModel.swift in Sources */,
				816CD13B2BE48A1300BAADF8 /* SignupModelValidatorProtocol.swift in Sources */,
				810DDC572BDF28CA0012F6BD /* SignupWebService.swift in Sources */,
				816CD1452BE500B100BAADF8 /* SignupWebServiceProtocol.swift in Sources */,
				81BEC4142BE65DFA003FB732 /* SignupViewController.swift in Sources */,
				810DDC4D2BDF28040012F6BD /* SignupConstant.swift in Sources */,
				81B429712BE160BE0042EB15 /* SignupFormModelValidator.swift in Sources */,
			);
			runOnlyForDeploymentPostprocessing = 0;
		};
		810DDC3D2BDF26C60012F6BD /* Sources */ = {
			isa = PBXSourcesBuildPhase;
			buildActionMask = 2147483647;
			files = (
				810DDC5E2BDF8CB00012F6BD /* MockURLProtocol.swift in Sources */,
				816CD1432BE4FF3B00BAADF8 /* MockSignupWebService.swift in Sources */,
				810DDC5C2BDF293B0012F6BD /* SignupWebServiceTests.swift in Sources */,
				817972432BE29DB100487A97 /* MockSignupModelValidator.swift in Sources */,
				81B4296F2BE15EF20042EB15 /* SignupFormModelValidatorTests.swift in Sources */,
				81BEC4122BE65C00003FB732 /* SignupViewControllerTests.swift in Sources */,
				81BEC4162BE69DCA003FB732 /* MockSignupPresenter.swift in Sources */,
				816CD1472BE5281A00BAADF8 /* MockSignupViewDelegate.swift in Sources */,
				8179723D2BE29B9400487A97 /* SignupPresenterTests.swift in Sources */,
				810DDC442BDF26C60012F6BD /* PhotoAppTests.swift in Sources */,
			);
			runOnlyForDeploymentPostprocessing = 0;
		};
/* End PBXSourcesBuildPhase section */

/* Begin PBXTargetDependency section */
		810DDC462BDF26C60012F6BD /* PBXTargetDependency */ = {
			isa = PBXTargetDependency;
			target = 810DDC252BDF266C0012F6BD /* PhotoApp */;
			targetProxy = 810DDC452BDF26C60012F6BD /* PBXContainerItemProxy */;
		};
/* End PBXTargetDependency section */

/* Begin PBXVariantGroup section */
		810DDC2F2BDF266C0012F6BD /* Main.storyboard */ = {
			isa = PBXVariantGroup;
			children = (
				810DDC302BDF266C0012F6BD /* Base */,
			);
			name = Main.storyboard;
			sourceTree = "<group>";
		};
		810DDC342BDF266D0012F6BD /* LaunchScreen.storyboard */ = {
			isa = PBXVariantGroup;
			children = (
				810DDC352BDF266D0012F6BD /* Base */,
			);
			name = LaunchScreen.storyboard;
			sourceTree = "<group>";
		};
/* End PBXVariantGroup section */

/* Begin XCBuildConfiguration section */
		810DDC382BDF266D0012F6BD /* Debug */ = {
			isa = XCBuildConfiguration;
			buildSettings = {
				ALWAYS_SEARCH_USER_PATHS = NO;
				ASSETCATALOG_COMPILER_GENERATE_SWIFT_ASSET_SYMBOL_EXTENSIONS = YES;
				CLANG_ANALYZER_NONNULL = YES;
				CLANG_ANALYZER_NUMBER_OBJECT_CONVERSION = YES_AGGRESSIVE;
				CLANG_CXX_LANGUAGE_STANDARD = "gnu++20";
				CLANG_ENABLE_MODULES = YES;
				CLANG_ENABLE_OBJC_ARC = YES;
				CLANG_ENABLE_OBJC_WEAK = YES;
				CLANG_WARN_BLOCK_CAPTURE_AUTORELEASING = YES;
				CLANG_WARN_BOOL_CONVERSION = YES;
				CLANG_WARN_COMMA = YES;
				CLANG_WARN_CONSTANT_CONVERSION = YES;
				CLANG_WARN_DEPRECATED_OBJC_IMPLEMENTATIONS = YES;
				CLANG_WARN_DIRECT_OBJC_ISA_USAGE = YES_ERROR;
				CLANG_WARN_DOCUMENTATION_COMMENTS = YES;
				CLANG_WARN_EMPTY_BODY = YES;
				CLANG_WARN_ENUM_CONVERSION = YES;
				CLANG_WARN_INFINITE_RECURSION = YES;
				CLANG_WARN_INT_CONVERSION = YES;
				CLANG_WARN_NON_LITERAL_NULL_CONVERSION = YES;
				CLANG_WARN_OBJC_IMPLICIT_RETAIN_SELF = YES;
				CLANG_WARN_OBJC_LITERAL_CONVERSION = YES;
				CLANG_WARN_OBJC_ROOT_CLASS = YES_ERROR;
				CLANG_WARN_QUOTED_INCLUDE_IN_FRAMEWORK_HEADER = YES;
				CLANG_WARN_RANGE_LOOP_ANALYSIS = YES;
				CLANG_WARN_STRICT_PROTOTYPES = YES;
				CLANG_WARN_SUSPICIOUS_MOVE = YES;
				CLANG_WARN_UNGUARDED_AVAILABILITY = YES_AGGRESSIVE;
				CLANG_WARN_UNREACHABLE_CODE = YES;
				CLANG_WARN__DUPLICATE_METHOD_MATCH = YES;
				COPY_PHASE_STRIP = NO;
				DEBUG_INFORMATION_FORMAT = dwarf;
				ENABLE_STRICT_OBJC_MSGSEND = YES;
				ENABLE_TESTABILITY = YES;
				ENABLE_USER_SCRIPT_SANDBOXING = YES;
				GCC_C_LANGUAGE_STANDARD = gnu17;
				GCC_DYNAMIC_NO_PIC = NO;
				GCC_NO_COMMON_BLOCKS = YES;
				GCC_OPTIMIZATION_LEVEL = 0;
				GCC_PREPROCESSOR_DEFINITIONS = (
					"DEBUG=1",
					"$(inherited)",
				);
				GCC_WARN_64_TO_32_BIT_CONVERSION = YES;
				GCC_WARN_ABOUT_RETURN_TYPE = YES_ERROR;
				GCC_WARN_UNDECLARED_SELECTOR = YES;
				GCC_WARN_UNINITIALIZED_AUTOS = YES_AGGRESSIVE;
				GCC_WARN_UNUSED_FUNCTION = YES;
				GCC_WARN_UNUSED_VARIABLE = YES;
				IPHONEOS_DEPLOYMENT_TARGET = 17.0;
				LOCALIZATION_PREFERS_STRING_CATALOGS = YES;
				MTL_ENABLE_DEBUG_INFO = INCLUDE_SOURCE;
				MTL_FAST_MATH = YES;
				ONLY_ACTIVE_ARCH = YES;
				SDKROOT = iphoneos;
				SWIFT_ACTIVE_COMPILATION_CONDITIONS = "DEBUG $(inherited)";
				SWIFT_OPTIMIZATION_LEVEL = "-Onone";
			};
			name = Debug;
		};
		810DDC392BDF266D0012F6BD /* Release */ = {
			isa = XCBuildConfiguration;
			buildSettings = {
				ALWAYS_SEARCH_USER_PATHS = NO;
				ASSETCATALOG_COMPILER_GENERATE_SWIFT_ASSET_SYMBOL_EXTENSIONS = YES;
				CLANG_ANALYZER_NONNULL = YES;
				CLANG_ANALYZER_NUMBER_OBJECT_CONVERSION = YES_AGGRESSIVE;
				CLANG_CXX_LANGUAGE_STANDARD = "gnu++20";
				CLANG_ENABLE_MODULES = YES;
				CLANG_ENABLE_OBJC_ARC = YES;
				CLANG_ENABLE_OBJC_WEAK = YES;
				CLANG_WARN_BLOCK_CAPTURE_AUTORELEASING = YES;
				CLANG_WARN_BOOL_CONVERSION = YES;
				CLANG_WARN_COMMA = YES;
				CLANG_WARN_CONSTANT_CONVERSION = YES;
				CLANG_WARN_DEPRECATED_OBJC_IMPLEMENTATIONS = YES;
				CLANG_WARN_DIRECT_OBJC_ISA_USAGE = YES_ERROR;
				CLANG_WARN_DOCUMENTATION_COMMENTS = YES;
				CLANG_WARN_EMPTY_BODY = YES;
				CLANG_WARN_ENUM_CONVERSION = YES;
				CLANG_WARN_INFINITE_RECURSION = YES;
				CLANG_WARN_INT_CONVERSION = YES;
				CLANG_WARN_NON_LITERAL_NULL_CONVERSION = YES;
				CLANG_WARN_OBJC_IMPLICIT_RETAIN_SELF = YES;
				CLANG_WARN_OBJC_LITERAL_CONVERSION = YES;
				CLANG_WARN_OBJC_ROOT_CLASS = YES_ERROR;
				CLANG_WARN_QUOTED_INCLUDE_IN_FRAMEWORK_HEADER = YES;
				CLANG_WARN_RANGE_LOOP_ANALYSIS = YES;
				CLANG_WARN_STRICT_PROTOTYPES = YES;
				CLANG_WARN_SUSPICIOUS_MOVE = YES;
				CLANG_WARN_UNGUARDED_AVAILABILITY = YES_AGGRESSIVE;
				CLANG_WARN_UNREACHABLE_CODE = YES;
				CLANG_WARN__DUPLICATE_METHOD_MATCH = YES;
				COPY_PHASE_STRIP = NO;
				DEBUG_INFORMATION_FORMAT = "dwarf-with-dsym";
				ENABLE_NS_ASSERTIONS = NO;
				ENABLE_STRICT_OBJC_MSGSEND = YES;
				ENABLE_USER_SCRIPT_SANDBOXING = YES;
				GCC_C_LANGUAGE_STANDARD = gnu17;
				GCC_NO_COMMON_BLOCKS = YES;
				GCC_WARN_64_TO_32_BIT_CONVERSION = YES;
				GCC_WARN_ABOUT_RETURN_TYPE = YES_ERROR;
				GCC_WARN_UNDECLARED_SELECTOR = YES;
				GCC_WARN_UNINITIALIZED_AUTOS = YES_AGGRESSIVE;
				GCC_WARN_UNUSED_FUNCTION = YES;
				GCC_WARN_UNUSED_VARIABLE = YES;
				IPHONEOS_DEPLOYMENT_TARGET = 17.0;
				LOCALIZATION_PREFERS_STRING_CATALOGS = YES;
				MTL_ENABLE_DEBUG_INFO = NO;
				MTL_FAST_MATH = YES;
				SDKROOT = iphoneos;
				SWIFT_COMPILATION_MODE = wholemodule;
				VALIDATE_PRODUCT = YES;
			};
			name = Release;
		};
		810DDC3B2BDF266D0012F6BD /* Debug */ = {
			isa = XCBuildConfiguration;
			buildSettings = {
				ASSETCATALOG_COMPILER_APPICON_NAME = AppIcon;
				ASSETCATALOG_COMPILER_GLOBAL_ACCENT_COLOR_NAME = AccentColor;
				CODE_SIGN_STYLE = Automatic;
				CURRENT_PROJECT_VERSION = 1;
				DEVELOPMENT_TEAM = 4CJW76Y9FL;
				GENERATE_INFOPLIST_FILE = YES;
				INFOPLIST_FILE = "PhotoApp/Supporting Files/Info.plist";
				INFOPLIST_KEY_UIApplicationSupportsIndirectInputEvents = YES;
				INFOPLIST_KEY_UILaunchStoryboardName = LaunchScreen;
				INFOPLIST_KEY_UIMainStoryboardFile = Main;
				INFOPLIST_KEY_UISupportedInterfaceOrientations_iPad = "UIInterfaceOrientationPortrait UIInterfaceOrientationPortraitUpsideDown UIInterfaceOrientationLandscapeLeft UIInterfaceOrientationLandscapeRight";
				INFOPLIST_KEY_UISupportedInterfaceOrientations_iPhone = "UIInterfaceOrientationPortrait UIInterfaceOrientationLandscapeLeft UIInterfaceOrientationLandscapeRight";
				LD_RUNPATH_SEARCH_PATHS = (
					"$(inherited)",
					"@executable_path/Frameworks",
				);
				MARKETING_VERSION = 1.0;
				PRODUCT_BUNDLE_IDENTIFIER = Sahil.Amrut.Agashe.com.PhotoApp;
				PRODUCT_NAME = "$(TARGET_NAME)";
				SWIFT_EMIT_LOC_STRINGS = YES;
				SWIFT_VERSION = 5.0;
				TARGETED_DEVICE_FAMILY = "1,2";
			};
			name = Debug;
		};
		810DDC3C2BDF266D0012F6BD /* Release */ = {
			isa = XCBuildConfiguration;
			buildSettings = {
				ASSETCATALOG_COMPILER_APPICON_NAME = AppIcon;
				ASSETCATALOG_COMPILER_GLOBAL_ACCENT_COLOR_NAME = AccentColor;
				CODE_SIGN_STYLE = Automatic;
				CURRENT_PROJECT_VERSION = 1;
				DEVELOPMENT_TEAM = 4CJW76Y9FL;
				GENERATE_INFOPLIST_FILE = YES;
				INFOPLIST_FILE = "PhotoApp/Supporting Files/Info.plist";
				INFOPLIST_KEY_UIApplicationSupportsIndirectInputEvents = YES;
				INFOPLIST_KEY_UILaunchStoryboardName = LaunchScreen;
				INFOPLIST_KEY_UIMainStoryboardFile = Main;
				INFOPLIST_KEY_UISupportedInterfaceOrientations_iPad = "UIInterfaceOrientationPortrait UIInterfaceOrientationPortraitUpsideDown UIInterfaceOrientationLandscapeLeft UIInterfaceOrientationLandscapeRight";
				INFOPLIST_KEY_UISupportedInterfaceOrientations_iPhone = "UIInterfaceOrientationPortrait UIInterfaceOrientationLandscapeLeft UIInterfaceOrientationLandscapeRight";
				LD_RUNPATH_SEARCH_PATHS = (
					"$(inherited)",
					"@executable_path/Frameworks",
				);
				MARKETING_VERSION = 1.0;
				PRODUCT_BUNDLE_IDENTIFIER = Sahil.Amrut.Agashe.com.PhotoApp;
				PRODUCT_NAME = "$(TARGET_NAME)";
				SWIFT_EMIT_LOC_STRINGS = YES;
				SWIFT_VERSION = 5.0;
				TARGETED_DEVICE_FAMILY = "1,2";
			};
			name = Release;
		};
		810DDC482BDF26C60012F6BD /* Debug */ = {
			isa = XCBuildConfiguration;
			buildSettings = {
				BUNDLE_LOADER = "$(TEST_HOST)";
				CODE_SIGN_STYLE = Automatic;
				CURRENT_PROJECT_VERSION = 1;
				DEVELOPMENT_TEAM = 4CJW76Y9FL;
				GENERATE_INFOPLIST_FILE = YES;
				INFOPLIST_FILE = "";
				MARKETING_VERSION = 1.0;
				PRODUCT_BUNDLE_IDENTIFIER = Sahil.Amrut.Agashe.com.PhotoAppTests;
				PRODUCT_NAME = "$(TARGET_NAME)";
				SWIFT_EMIT_LOC_STRINGS = NO;
				SWIFT_VERSION = 5.0;
				TARGETED_DEVICE_FAMILY = "1,2";
				TEST_HOST = "$(BUILT_PRODUCTS_DIR)/PhotoApp.app/$(BUNDLE_EXECUTABLE_FOLDER_PATH)/PhotoApp";
			};
			name = Debug;
		};
		810DDC492BDF26C60012F6BD /* Release */ = {
			isa = XCBuildConfiguration;
			buildSettings = {
				BUNDLE_LOADER = "$(TEST_HOST)";
				CODE_SIGN_STYLE = Automatic;
				CURRENT_PROJECT_VERSION = 1;
				DEVELOPMENT_TEAM = 4CJW76Y9FL;
				GENERATE_INFOPLIST_FILE = YES;
				INFOPLIST_FILE = "";
				MARKETING_VERSION = 1.0;
				PRODUCT_BUNDLE_IDENTIFIER = Sahil.Amrut.Agashe.com.PhotoAppTests;
				PRODUCT_NAME = "$(TARGET_NAME)";
				SWIFT_EMIT_LOC_STRINGS = NO;
				SWIFT_VERSION = 5.0;
				TARGETED_DEVICE_FAMILY = "1,2";
				TEST_HOST = "$(BUILT_PRODUCTS_DIR)/PhotoApp.app/$(BUNDLE_EXECUTABLE_FOLDER_PATH)/PhotoApp";
			};
			name = Release;
		};
/* End XCBuildConfiguration section */

/* Begin XCConfigurationList section */
		810DDC212BDF266C0012F6BD /* Build configuration list for PBXProject "PhotoApp" */ = {
			isa = XCConfigurationList;
			buildConfigurations = (
				810DDC382BDF266D0012F6BD /* Debug */,
				810DDC392BDF266D0012F6BD /* Release */,
			);
			defaultConfigurationIsVisible = 0;
			defaultConfigurationName = Release;
		};
		810DDC3A2BDF266D0012F6BD /* Build configuration list for PBXNativeTarget "PhotoApp" */ = {
			isa = XCConfigurationList;
			buildConfigurations = (
				810DDC3B2BDF266D0012F6BD /* Debug */,
				810DDC3C2BDF266D0012F6BD /* Release */,
			);
			defaultConfigurationIsVisible = 0;
			defaultConfigurationName = Release;
		};
		810DDC472BDF26C60012F6BD /* Build configuration list for PBXNativeTarget "PhotoAppTests" */ = {
			isa = XCConfigurationList;
			buildConfigurations = (
				810DDC482BDF26C60012F6BD /* Debug */,
				810DDC492BDF26C60012F6BD /* Release */,
			);
			defaultConfigurationIsVisible = 0;
			defaultConfigurationName = Release;
		};
/* End XCConfigurationList section */
	};
	rootObject = 810DDC1E2BDF266C0012F6BD /* Project object */;
}
